
Microsoft Visual Studio Solution File, Format Version 12.00
# Visual Studio Version 16
VisualStudioVersion = 16.0.29512.175
MinimumVisualStudioVersion = 10.0.40219.1
Project("{FAE04EC0-301F-11D3-BF4B-00C04F79EFBC}") = "BlazorDynamicScriptLoad", "BlazorDynamicScriptLoad\BlazorDynamicScriptLoad.csproj", "{DE4ACB7C-4CB8-4735-90EF-E3D968A07F23}"
EndProject
Global
	GlobalSection(SolutionConfigurationPlatforms) = preSolution
		Debug|Any CPU = Debug|Any CPU
		Release|Any CPU = Release|Any CPU
	EndGlobalSection
	GlobalSection(ProjectConfigurationPlatforms) = postSolution
		{DE4ACB7C-4CB8-4735-90EF-E3D968A07F23}.Debug|Any CPU.ActiveCfg = Debug|Any CPU
		{DE4ACB7C-4CB8-4735-90EF-E3D968A07F23}.Debug|Any CPU.Build.0 = Debug|Any CPU
		{DE4ACB7C-4CB8-4735-90EF-E3D968A07F23}.Release|Any CPU.ActiveCfg = Release|Any CPU
		{DE4ACB7C-4CB8-4735-90EF-E3D968A07F23}.Release|Any CPU.Build.0 = Release|Any CPU
	EndGlobalSection
	GlobalSection(SolutionProperties) = preSolution
		HideSolutionNode = FALSE
	EndGlobalSection
	GlobalSection(ExtensibilityGlobals) = postSolution
		SolutionGuid = {3077F92A-88D2-4938-A5F1-1E33A1961B2F}
	EndGlobalSection
EndGlobal
